// !$*UTF8*$!
{
	archiveVersion = 1;
	classes = {
	};
	objectVersion = 50;
	objects = {

/* Begin PBXBuildFile section */
		2E72D365272EA48F00D192BB /* AppDelegate.swift in Sources */ = {isa = PBXBuildFile; fileRef = 2E72D364272EA48F00D192BB /* AppDelegate.swift */; };
		2E72D367272EA48F00D192BB /* SceneDelegate.swift in Sources */ = {isa = PBXBuildFile; fileRef = 2E72D366272EA48F00D192BB /* SceneDelegate.swift */; };
		2E72D369272EA48F00D192BB /* ContentView.swift in Sources */ = {isa = PBXBuildFile; fileRef = 2E72D368272EA48F00D192BB /* ContentView.swift */; };
		2E72D36B272EA49400D192BB /* Assets.xcassets in Resources */ = {isa = PBXBuildFile; fileRef = 2E72D36A272EA49400D192BB /* Assets.xcassets */; };
		2E72D36E272EA49400D192BB /* Preview Assets.xcassets in Resources */ = {isa = PBXBuildFile; fileRef = 2E72D36D272EA49400D192BB /* Preview Assets.xcassets */; };
		2E72D371272EA49400D192BB /* LaunchScreen.storyboard in Resources */ = {isa = PBXBuildFile; fileRef = 2E72D36F272EA49400D192BB /* LaunchScreen.storyboard */; };
		2E72D37C272EA49400D192BB /* LandMarksTests.swift in Sources */ = {isa = PBXBuildFile; fileRef = 2E72D37B272EA49400D192BB /* LandMarksTests.swift */; };
		2E72D387272EA49400D192BB /* LandMarksUITests.swift in Sources */ = {isa = PBXBuildFile; fileRef = 2E72D386272EA49400D192BB /* LandMarksUITests.swift */; };
/* End PBXBuildFile section */

/* Begin PBXContainerItemProxy section */
		2E72D378272EA49400D192BB /* PBXContainerItemProxy */ = {
			isa = PBXContainerItemProxy;
			containerPortal = 2E72D359272EA48F00D192BB /* Project object */;
			proxyType = 1;
			remoteGlobalIDString = 2E72D360272EA48F00D192BB;
			remoteInfo = LandMarks;
		};
		2E72D383272EA49400D192BB /* PBXContainerItemProxy */ = {
			isa = PBXContainerItemProxy;
			containerPortal = 2E72D359272EA48F00D192BB /* Project object */;
			proxyType = 1;
			remoteGlobalIDString = 2E72D360272EA48F00D192BB;
			remoteInfo = LandMarks;
		};
/* End PBXContainerItemProxy section */

/* Begin PBXFileReference section */
		2E72D361272EA48F00D192BB /* LandMarks.app */ = {isa = PBXFileReference; explicitFileType = wrapper.application; includeInIndex = 0; path = LandMarks.app; sourceTree = BUILT_PRODUCTS_DIR; };
		2E72D364272EA48F00D192BB /* AppDelegate.swift */ = {isa = PBXFileReference; lastKnownFileType = sourcecode.swift; path = AppDelegate.swift; sourceTree = "<group>"; };
		2E72D366272EA48F00D192BB /* SceneDelegate.swift */ = {isa = PBXFileReference; lastKnownFileType = sourcecode.swift; path = SceneDelegate.swift; sourceTree = "<group>"; };
		2E72D368272EA48F00D192BB /* ContentView.swift */ = {isa = PBXFileReference; lastKnownFileType = sourcecode.swift; path = ContentView.swift; sourceTree = "<group>"; };
		2E72D36A272EA49400D192BB /* Assets.xcassets */ = {isa = PBXFileReference; lastKnownFileType = folder.assetcatalog; path = Assets.xcassets; sourceTree = "<group>"; };
		2E72D36D272EA49400D192BB /* Preview Assets.xcassets */ = {isa = PBXFileReference; lastKnownFileType = folder.assetcatalog; path = "Preview Assets.xcassets"; sourceTree = "<group>"; };
		2E72D370272EA49400D192BB /* Base */ = {isa = PBXFileReference; lastKnownFileType = file.storyboard; name = Base; path = Base.lproj/LaunchScreen.storyboard; sourceTree = "<group>"; };
		2E72D372272EA49400D192BB /* Info.plist */ = {isa = PBXFileReference; lastKnownFileType = text.plist.xml; path = Info.plist; sourceTree = "<group>"; };
		2E72D377272EA49400D192BB /* LandMarksTests.xctest */ = {isa = PBXFileReference; explicitFileType = wrapper.cfbundle; includeInIndex = 0; path = LandMarksTests.xctest; sourceTree = BUILT_PRODUCTS_DIR; };
		2E72D37B272EA49400D192BB /* LandMarksTests.swift */ = {isa = PBXFileReference; lastKnownFileType = sourcecode.swift; path = LandMarksTests.swift; sourceTree = "<group>"; };
		2E72D37D272EA49400D192BB /* Info.plist */ = {isa = PBXFileReference; lastKnownFileType = text.plist.xml; path = Info.plist; sourceTree = "<group>"; };
		2E72D382272EA49400D192BB /* LandMarksUITests.xctest */ = {isa = PBXFileReference; explicitFileType = wrapper.cfbundle; includeInIndex = 0; path = LandMarksUITests.xctest; sourceTree = BUILT_PRODUCTS_DIR; };
		2E72D386272EA49400D192BB /* LandMarksUITests.swift */ = {isa = PBXFileReference; lastKnownFileType = sourcecode.swift; path = LandMarksUITests.swift; sourceTree = "<group>"; };
		2E72D388272EA49400D192BB /* Info.plist */ = {isa = PBXFileReference; lastKnownFileType = text.plist.xml; path = Info.plist; sourceTree = "<group>"; };
/* End PBXFileReference section */

/* Begin PBXFrameworksBuildPhase section */
		2E72D35E272EA48F00D192BB /* Frameworks */ = {
			isa = PBXFrameworksBuildPhase;
			buildActionMask = 2147483647;
			files = (
			);
			runOnlyForDeploymentPostprocessing = 0;
		};
		2E72D374272EA49400D192BB /* Frameworks */ = {
			isa = PBXFrameworksBuildPhase;
			buildActionMask = 2147483647;
			files = (
			);
			runOnlyForDeploymentPostprocessing = 0;
		};
		2E72D37F272EA49400D192BB /* Frameworks */ = {
			isa = PBXFrameworksBuildPhase;
			buildActionMask = 2147483647;
			files = (
			);
			runOnlyForDeploymentPostprocessing = 0;
		};
/* End PBXFrameworksBuildPhase section */

/* Begin PBXGroup section */
		2E72D358272EA48F00D192BB = {
			isa = PBXGroup;
			children = (
				2E72D363272EA48F00D192BB /* LandMarks */,
				2E72D37A272EA49400D192BB /* LandMarksTests */,
				2E72D385272EA49400D192BB /* LandMarksUITests */,
				2E72D362272EA48F00D192BB /* Products */,
			);
			sourceTree = "<group>";
		};
		2E72D362272EA48F00D192BB /* Products */ = {
			isa = PBXGroup;
			children = (
				2E72D361272EA48F00D192BB /* LandMarks.app */,
				2E72D377272EA49400D192BB /* LandMarksTests.xctest */,
				2E72D382272EA49400D192BB /* LandMarksUITests.xctest */,
			);
			name = Products;
			sourceTree = "<group>";
		};
		2E72D363272EA48F00D192BB /* LandMarks */ = {
			isa = PBXGroup;
			children = (
				2E72D364272EA48F00D192BB /* AppDelegate.swift */,
				2E72D366272EA48F00D192BB /* SceneDelegate.swift */,
				2E72D368272EA48F00D192BB /* ContentView.swift */,
				2E72D36A272EA49400D192BB /* Assets.xcassets */,
				2E72D36F272EA49400D192BB /* LaunchScreen.storyboard */,
				2E72D372272EA49400D192BB /* Info.plist */,
				2E72D36C272EA49400D192BB /* Preview Content */,
			);
			path = LandMarks;
			sourceTree = "<group>";
		};
		2E72D36C272EA49400D192BB /* Preview Content */ = {
			isa = PBXGroup;
			children = (
				2E72D36D272EA49400D192BB /* Preview Assets.xcassets */,
			);
			path = "Preview Content";
			sourceTree = "<group>";
		};
		2E72D37A272EA49400D192BB /* LandMarksTests */ = {
			isa = PBXGroup;
			children = (
				2E72D37B272EA49400D192BB /* LandMarksTests.swift */,
				2E72D37D272EA49400D192BB /* Info.plist */,
			);
			path = LandMarksTests;
			sourceTree = "<group>";
		};
		2E72D385272EA49400D192BB /* LandMarksUITests */ = {
			isa = PBXGroup;
			children = (
				2E72D386272EA49400D192BB /* LandMarksUITests.swift */,
				2E72D388272EA49400D192BB /* Info.plist */,
			);
			path = LandMarksUITests;
			sourceTree = "<group>";
		};
/* End PBXGroup section */

/* Begin PBXNativeTarget section */
		2E72D360272EA48F00D192BB /* LandMarks */ = {
			isa = PBXNativeTarget;
			buildConfigurationList = 2E72D38B272EA49400D192BB /* Build configuration list for PBXNativeTarget "LandMarks" */;
			buildPhases = (
				2E72D35D272EA48F00D192BB /* Sources */,
				2E72D35E272EA48F00D192BB /* Frameworks */,
				2E72D35F272EA48F00D192BB /* Resources */,
			);
			buildRules = (
			);
			dependencies = (
			);
			name = LandMarks;
			productName = LandMarks;
			productReference = 2E72D361272EA48F00D192BB /* LandMarks.app */;
			productType = "com.apple.product-type.application";
		};
		2E72D376272EA49400D192BB /* LandMarksTests */ = {
			isa = PBXNativeTarget;
			buildConfigurationList = 2E72D38E272EA49400D192BB /* Build configuration list for PBXNativeTarget "LandMarksTests" */;
			buildPhases = (
				2E72D373272EA49400D192BB /* Sources */,
				2E72D374272EA49400D192BB /* Frameworks */,
				2E72D375272EA49400D192BB /* Resources */,
			);
			buildRules = (
			);
			dependencies = (
				2E72D379272EA49400D192BB /* PBXTargetDependency */,
			);
			name = LandMarksTests;
			productName = LandMarksTests;
			productReference = 2E72D377272EA49400D192BB /* LandMarksTests.xctest */;
			productType = "com.apple.product-type.bundle.unit-test";
		};
		2E72D381272EA49400D192BB /* LandMarksUITests */ = {
			isa = PBXNativeTarget;
			buildConfigurationList = 2E72D391272EA49400D192BB /* Build configuration list for PBXNativeTarget "LandMarksUITests" */;
			buildPhases = (
				2E72D37E272EA49400D192BB /* Sources */,
				2E72D37F272EA49400D192BB /* Frameworks */,
				2E72D380272EA49400D192BB /* Resources */,
			);
			buildRules = (
			);
			dependencies = (
				2E72D384272EA49400D192BB /* PBXTargetDependency */,
			);
			name = LandMarksUITests;
			productName = LandMarksUITests;
			productReference = 2E72D382272EA49400D192BB /* LandMarksUITests.xctest */;
			productType = "com.apple.product-type.bundle.ui-testing";
		};
/* End PBXNativeTarget section */

/* Begin PBXProject section */
		2E72D359272EA48F00D192BB /* Project object */ = {
			isa = PBXProject;
			attributes = {
				LastSwiftUpdateCheck = 1150;
				LastUpgradeCheck = 1150;
				ORGANIZATIONNAME = "河合彰紘";
				TargetAttributes = {
					2E72D360272EA48F00D192BB = {
						CreatedOnToolsVersion = 11.5;
					};
					2E72D376272EA49400D192BB = {
						CreatedOnToolsVersion = 11.5;
						TestTargetID = 2E72D360272EA48F00D192BB;
					};
					2E72D381272EA49400D192BB = {
						CreatedOnToolsVersion = 11.5;
						TestTargetID = 2E72D360272EA48F00D192BB;
					};
				};
			};
			buildConfigurationList = 2E72D35C272EA48F00D192BB /* Build configuration list for PBXProject "LandMarks" */;
			compatibilityVersion = "Xcode 9.3";
			developmentRegion = en;
			hasScannedForEncodings = 0;
			knownRegions = (
				en,
				Base,
			);
			mainGroup = 2E72D358272EA48F00D192BB;
			productRefGroup = 2E72D362272EA48F00D192BB /* Products */;
			projectDirPath = "";
			projectRoot = "";
			targets = (
				2E72D360272EA48F00D192BB /* LandMarks */,
				2E72D376272EA49400D192BB /* LandMarksTests */,
				2E72D381272EA49400D192BB /* LandMarksUITests */,
			);
		};
/* End PBXProject section */

/* Begin PBXResourcesBuildPhase section */
		2E72D35F272EA48F00D192BB /* Resources */ = {
			isa = PBXResourcesBuildPhase;
			buildActionMask = 2147483647;
			files = (
				2E72D371272EA49400D192BB /* LaunchScreen.storyboard in Resources */,
				2E72D36E272EA49400D192BB /* Preview Assets.xcassets in Resources */,
				2E72D36B272EA49400D192BB /* Assets.xcassets in Resources */,
			);
			runOnlyForDeploymentPostprocessing = 0;
		};
		2E72D375272EA49400D192BB /* Resources */ = {
			isa = PBXResourcesBuildPhase;
			buildActionMask = 2147483647;
			files = (
			);
			runOnlyForDeploymentPostprocessing = 0;
		};
		2E72D380272EA49400D192BB /* Resources */ = {
			isa = PBXResourcesBuildPhase;
			buildActionMask = 2147483647;
			files = (
			);
			runOnlyForDeploymentPostprocessing = 0;
		};
/* End PBXResourcesBuildPhase section */

/* Begin PBXSourcesBuildPhase section */
		2E72D35D272EA48F00D192BB /* Sources */ = {
			isa = PBXSourcesBuildPhase;
			buildActionMask = 2147483647;
			files = (
				2E72D365272EA48F00D192BB /* AppDelegate.swift in Sources */,
				2E72D367272EA48F00D192BB /* SceneDelegate.swift in Sources */,
				2E72D369272EA48F00D192BB /* ContentView.swift in Sources */,
			);
			runOnlyForDeploymentPostprocessing = 0;
		};
		2E72D373272EA49400D192BB /* Sources */ = {
			isa = PBXSourcesBuildPhase;
			buildActionMask = 2147483647;
			files = (
				2E72D37C272EA49400D192BB /* LandMarksTests.swift in Sources */,
			);
			runOnlyForDeploymentPostprocessing = 0;
		};
		2E72D37E272EA49400D192BB /* Sources */ = {
			isa = PBXSourcesBuildPhase;
			buildActionMask = 2147483647;
			files = (
				2E72D387272EA49400D192BB /* LandMarksUITests.swift in Sources */,
			);
			runOnlyForDeploymentPostprocessing = 0;
		};
/* End PBXSourcesBuildPhase section */

/* Begin PBXTargetDependency section */
		2E72D379272EA49400D192BB /* PBXTargetDependency */ = {
			isa = PBXTargetDependency;
			target = 2E72D360272EA48F00D192BB /* LandMarks */;
			targetProxy = 2E72D378272EA49400D192BB /* PBXContainerItemProxy */;
		};
		2E72D384272EA49400D192BB /* PBXTargetDependency */ = {
			isa = PBXTargetDependency;
			target = 2E72D360272EA48F00D192BB /* LandMarks */;
			targetProxy = 2E72D383272EA49400D192BB /* PBXContainerItemProxy */;
		};
/* End PBXTargetDependency section */

/* Begin PBXVariantGroup section */
		2E72D36F272EA49400D192BB /* LaunchScreen.storyboard */ = {
			isa = PBXVariantGroup;
			children = (
				2E72D370272EA49400D192BB /* Base */,
			);
			name = LaunchScreen.storyboard;
			sourceTree = "<group>";
		};
/* End PBXVariantGroup section */

/* Begin XCBuildConfiguration section */
		2E72D389272EA49400D192BB /* Debug */ = {
			isa = XCBuildConfiguration;
			buildSettings = {
				ALWAYS_SEARCH_USER_PATHS = NO;
				CLANG_ANALYZER_NONNULL = YES;
				CLANG_ANALYZER_NUMBER_OBJECT_CONVERSION = YES_AGGRESSIVE;
				CLANG_CXX_LANGUAGE_STANDARD = "gnu++14";
				CLANG_CXX_LIBRARY = "libc++";
				CLANG_ENABLE_MODULES = YES;
				CLANG_ENABLE_OBJC_ARC = YES;
				CLANG_ENABLE_OBJC_WEAK = YES;
				CLANG_WARN_BLOCK_CAPTURE_AUTORELEASING = YES;
				CLANG_WARN_BOOL_CONVERSION = YES;
				CLANG_WARN_COMMA = YES;
				CLANG_WARN_CONSTANT_CONVERSION = YES;
				CLANG_WARN_DEPRECATED_OBJC_IMPLEMENTATIONS = YES;
				CLANG_WARN_DIRECT_OBJC_ISA_USAGE = YES_ERROR;
				CLANG_WARN_DOCUMENTATION_COMMENTS = YES;
				CLANG_WARN_EMPTY_BODY = YES;
				CLANG_WARN_ENUM_CONVERSION = YES;
				CLANG_WARN_INFINITE_RECURSION = YES;
				CLANG_WARN_INT_CONVERSION = YES;
				CLANG_WARN_NON_LITERAL_NULL_CONVERSION = YES;
				CLANG_WARN_OBJC_IMPLICIT_RETAIN_SELF = YES;
				CLANG_WARN_OBJC_LITERAL_CONVERSION = YES;
				CLANG_WARN_OBJC_ROOT_CLASS = YES_ERROR;
				CLANG_WARN_RANGE_LOOP_ANALYSIS = YES;
				CLANG_WARN_STRICT_PROTOTYPES = YES;
				CLANG_WARN_SUSPICIOUS_MOVE = YES;
				CLANG_WARN_UNGUARDED_AVAILABILITY = YES_AGGRESSIVE;
				CLANG_WARN_UNREACHABLE_CODE = YES;
				CLANG_WARN__DUPLICATE_METHOD_MATCH = YES;
				COPY_PHASE_STRIP = NO;
				DEBUG_INFORMATION_FORMAT = dwarf;
				ENABLE_STRICT_OBJC_MSGSEND = YES;
				ENABLE_TESTABILITY = YES;
				GCC_C_LANGUAGE_STANDARD = gnu11;
				GCC_DYNAMIC_NO_PIC = NO;
				GCC_NO_COMMON_BLOCKS = YES;
				GCC_OPTIMIZATION_LEVEL = 0;
				GCC_PREPROCESSOR_DEFINITIONS = (
					"DEBUG=1",
					"$(inherited)",
				);
				GCC_WARN_64_TO_32_BIT_CONVERSION = YES;
				GCC_WARN_ABOUT_RETURN_TYPE = YES_ERROR;
				GCC_WARN_UNDECLARED_SELECTOR = YES;
				GCC_WARN_UNINITIALIZED_AUTOS = YES_AGGRESSIVE;
				GCC_WARN_UNUSED_FUNCTION = YES;
				GCC_WARN_UNUSED_VARIABLE = YES;
				IPHONEOS_DEPLOYMENT_TARGET = 13.5;
				MTL_ENABLE_DEBUG_INFO = INCLUDE_SOURCE;
				MTL_FAST_MATH = YES;
				ONLY_ACTIVE_ARCH = YES;
				SDKROOT = iphoneos;
				SWIFT_ACTIVE_COMPILATION_CONDITIONS = DEBUG;
				SWIFT_OPTIMIZATION_LEVEL = "-Onone";
			};
			name = Debug;
		};
		2E72D38A272EA49400D192BB /* Release */ = {
			isa = XCBuildConfiguration;
			buildSettings = {
				ALWAYS_SEARCH_USER_PATHS = NO;
				CLANG_ANALYZER_NONNULL = YES;
				CLANG_ANALYZER_NUMBER_OBJECT_CONVERSION = YES_AGGRESSIVE;
				CLANG_CXX_LANGUAGE_STANDARD = "gnu++14";
				CLANG_CXX_LIBRARY = "libc++";
				CLANG_ENABLE_MODULES = YES;
				CLANG_ENABLE_OBJC_ARC = YES;
				CLANG_ENABLE_OBJC_WEAK = YES;
				CLANG_WARN_BLOCK_CAPTURE_AUTORELEASING = YES;
				CLANG_WARN_BOOL_CONVERSION = YES;
				CLANG_WARN_COMMA = YES;
				CLANG_WARN_CONSTANT_CONVERSION = YES;
				CLANG_WARN_DEPRECATED_OBJC_IMPLEMENTATIONS = YES;
				CLANG_WARN_DIRECT_OBJC_ISA_USAGE = YES_ERROR;
				CLANG_WARN_DOCUMENTATION_COMMENTS = YES;
				CLANG_WARN_EMPTY_BODY = YES;
				CLANG_WARN_ENUM_CONVERSION = YES;
				CLANG_WARN_INFINITE_RECURSION = YES;
				CLANG_WARN_INT_CONVERSION = YES;
				CLANG_WARN_NON_LITERAL_NULL_CONVERSION = YES;
				CLANG_WARN_OBJC_IMPLICIT_RETAIN_SELF = YES;
				CLANG_WARN_OBJC_LITERAL_CONVERSION = YES;
				CLANG_WARN_OBJC_ROOT_CLASS = YES_ERROR;
				CLANG_WARN_RANGE_LOOP_ANALYSIS = YES;
				CLANG_WARN_STRICT_PROTOTYPES = YES;
				CLANG_WARN_SUSPICIOUS_MOVE = YES;
				CLANG_WARN_UNGUARDED_AVAILABILITY = YES_AGGRESSIVE;
				CLANG_WARN_UNREACHABLE_CODE = YES;
				CLANG_WARN__DUPLICATE_METHOD_MATCH = YES;
				COPY_PHASE_STRIP = NO;
				DEBUG_INFORMATION_FORMAT = "dwarf-with-dsym";
				ENABLE_NS_ASSERTIONS = NO;
				ENABLE_STRICT_OBJC_MSGSEND = YES;
				GCC_C_LANGUAGE_STANDARD = gnu11;
				GCC_NO_COMMON_BLOCKS = YES;
				GCC_WARN_64_TO_32_BIT_CONVERSION = YES;
				GCC_WARN_ABOUT_RETURN_TYPE = YES_ERROR;
				GCC_WARN_UNDECLARED_SELECTOR = YES;
				GCC_WARN_UNINITIALIZED_AUTOS = YES_AGGRESSIVE;
				GCC_WARN_UNUSED_FUNCTION = YES;
				GCC_WARN_UNUSED_VARIABLE = YES;
				IPHONEOS_DEPLOYMENT_TARGET = 13.5;
				MTL_ENABLE_DEBUG_INFO = NO;
				MTL_FAST_MATH = YES;
				SDKROOT = iphoneos;
				SWIFT_COMPILATION_MODE = wholemodule;
				SWIFT_OPTIMIZATION_LEVEL = "-O";
				VALIDATE_PRODUCT = YES;
			};
			name = Release;
		};
		2E72D38C272EA49400D192BB /* Debug */ = {
			isa = XCBuildConfiguration;
			buildSettings = {
				ASSETCATALOG_COMPILER_APPICON_NAME = AppIcon;
				CODE_SIGN_STYLE = Automatic;
				DEVELOPMENT_ASSET_PATHS = "\"LandMarks/Preview Content\"";
				ENABLE_PREVIEWS = YES;
				INFOPLIST_FILE = LandMarks/Info.plist;
				LD_RUNPATH_SEARCH_PATHS = (
					"$(inherited)",
					"@executable_path/Frameworks",
				);
				PRODUCT_BUNDLE_IDENTIFIER = rakko2.LandMarks;
				PRODUCT_NAME = "$(TARGET_NAME)";
				SWIFT_VERSION = 5.0;
				TARGETED_DEVICE_FAMILY = "1,2";
			};
			name = Debug;
		};
		2E72D38D272EA49400D192BB /* Release */ = {
			isa = XCBuildConfiguration;
			buildSettings = {
				ASSETCATALOG_COMPILER_APPICON_NAME = AppIcon;
				CODE_SIGN_STYLE = Automatic;
				DEVELOPMENT_ASSET_PATHS = "\"LandMarks/Preview Content\"";
				ENABLE_PREVIEWS = YES;
				INFOPLIST_FILE = LandMarks/Info.plist;
				LD_RUNPATH_SEARCH_PATHS = (
					"$(inherited)",
					"@executable_path/Frameworks",
				);
				PRODUCT_BUNDLE_IDENTIFIER = rakko2.LandMarks;
				PRODUCT_NAME = "$(TARGET_NAME)";
				SWIFT_VERSION = 5.0;
				TARGETED_DEVICE_FAMILY = "1,2";
			};
			name = Release;
		};
		2E72D38F272EA49400D192BB /* Debug */ = {
			isa = XCBuildConfiguration;
			buildSettings = {
				ALWAYS_EMBED_SWIFT_STANDARD_LIBRARIES = YES;
				BUNDLE_LOADER = "$(TEST_HOST)";
				CODE_SIGN_STYLE = Automatic;
				INFOPLIST_FILE = LandMarksTests/Info.plist;
				IPHONEOS_DEPLOYMENT_TARGET = 13.5;
				LD_RUNPATH_SEARCH_PATHS = (
					"$(inherited)",
					"@executable_path/Frameworks",
					"@loader_path/Frameworks",
				);
				PRODUCT_BUNDLE_IDENTIFIER = rakko2.LandMarksTests;
				PRODUCT_NAME = "$(TARGET_NAME)";
				SWIFT_VERSION = 5.0;
				TARGETED_DEVICE_FAMILY = "1,2";
				TEST_HOST = "$(BUILT_PRODUCTS_DIR)/LandMarks.app/LandMarks";
			};
			name = Debug;
		};
		2E72D390272EA49400D192BB /* Release */ = {
			isa = XCBuildConfiguration;
			buildSettings = {
				ALWAYS_EMBED_SWIFT_STANDARD_LIBRARIES = YES;
				BUNDLE_LOADER = "$(TEST_HOST)";
				CODE_SIGN_STYLE = Automatic;
				INFOPLIST_FILE = LandMarksTests/Info.plist;
				IPHONEOS_DEPLOYMENT_TARGET = 13.5;
				LD_RUNPATH_SEARCH_PATHS = (
					"$(inherited)",
					"@executable_path/Frameworks",
					"@loader_path/Frameworks",
				);
				PRODUCT_BUNDLE_IDENTIFIER = rakko2.LandMarksTests;
				PRODUCT_NAME = "$(TARGET_NAME)";
				SWIFT_VERSION = 5.0;
				TARGETED_DEVICE_FAMILY = "1,2";
				TEST_HOST = "$(BUILT_PRODUCTS_DIR)/LandMarks.app/LandMarks";
			};
			name = Release;
		};
		2E72D392272EA49400D192BB /* Debug */ = {
			isa = XCBuildConfiguration;
			buildSettings = {
				ALWAYS_EMBED_SWIFT_STANDARD_LIBRARIES = YES;
				CODE_SIGN_STYLE = Automatic;
				INFOPLIST_FILE = LandMarksUITests/Info.plist;
				LD_RUNPATH_SEARCH_PATHS = (
					"$(inherited)",
					"@executable_path/Frameworks",
					"@loader_path/Frameworks",
				);
				PRODUCT_BUNDLE_IDENTIFIER = rakko2.LandMarksUITests;
				PRODUCT_NAME = "$(TARGET_NAME)";
				SWIFT_VERSION = 5.0;
				TARGETED_DEVICE_FAMILY = "1,2";
				TEST_TARGET_NAME = LandMarks;
			};
			name = Debug;
		};
		2E72D393272EA49400D192BB /* Release */ = {
			isa = XCBuildConfiguration;
			buildSettings = {
				ALWAYS_EMBED_SWIFT_STANDARD_LIBRARIES = YES;
				CODE_SIGN_STYLE = Automatic;
				INFOPLIST_FILE = LandMarksUITests/Info.plist;
				LD_RUNPATH_SEARCH_PATHS = (
					"$(inherited)",
					"@executable_path/Frameworks",
					"@loader_path/Frameworks",
				);
				PRODUCT_BUNDLE_IDENTIFIER = rakko2.LandMarksUITests;
				PRODUCT_NAME = "$(TARGET_NAME)";
				SWIFT_VERSION = 5.0;
				TARGETED_DEVICE_FAMILY = "1,2";
				TEST_TARGET_NAME = LandMarks;
			};
			name = Release;
		};
/* End XCBuildConfiguration section */

/* Begin XCConfigurationList section */
		2E72D35C272EA48F00D192BB /* Build configuration list for PBXProject "LandMarks" */ = {
			isa = XCConfigurationList;
			buildConfigurations = (
				2E72D389272EA49400D192BB /* Debug */,
				2E72D38A272EA49400D192BB /* Release */,
			);
			defaultConfigurationIsVisible = 0;
			defaultConfigurationName = Release;
		};
		2E72D38B272EA49400D192BB /* Build configuration list for PBXNativeTarget "LandMarks" */ = {
			isa = XCConfigurationList;
			buildConfigurations = (
				2E72D38C272EA49400D192BB /* Debug */,
				2E72D38D272EA49400D192BB /* Release */,
			);
			defaultConfigurationIsVisible = 0;
			defaultConfigurationName = Release;
		};
		2E72D38E272EA49400D192BB /* Build configuration list for PBXNativeTarget "LandMarksTests" */ = {
			isa = XCConfigurationList;
			buildConfigurations = (
				2E72D38F272EA49400D192BB /* Debug */,
				2E72D390272EA49400D192BB /* Release */,
			);
			defaultConfigurationIsVisible = 0;
			defaultConfigurationName = Release;
		};
		2E72D391272EA49400D192BB /* Build configuration list for PBXNativeTarget "LandMarksUITests" */ = {
			isa = XCConfigurationList;
			buildConfigurations = (
				2E72D392272EA49400D192BB /* Debug */,
				2E72D393272EA49400D192BB /* Release */,
			);
			defaultConfigurationIsVisible = 0;
			defaultConfigurationName = Release;
		};
/* End XCConfigurationList section */
	};
	rootObject = 2E72D359272EA48F00D192BB /* Project object */;
}
